
Microsoft Visual Studio Solution File, Format Version 12.00
# Visual Studio 15
VisualStudioVersion = 15.0.35116.124
MinimumVisualStudioVersion = 10.0.40219.1
Project("{FAE04EC0-301F-11D3-BF4B-00C04F79EFBC}") = "BRS", "BRS\BRS.csproj", "{BC5BAE91-20CD-4E52-9B5A-149875566094}"
EndProject
Global
	GlobalSection(SolutionConfigurationPlatforms) = preSolution
		Debug|Any CPU = Debug|Any CPU
		Release|Any CPU = Release|Any CPU
	EndGlobalSection
	GlobalSection(ProjectConfigurationPlatforms) = postSolution
		{BC5BAE91-20CD-4E52-9B5A-149875566094}.Debug|Any CPU.ActiveCfg = Debug|Any CPU
		{BC5BAE91-20CD-4E52-9B5A-149875566094}.Debug|Any CPU.Build.0 = Debug|Any CPU
		{BC5BAE91-20CD-4E52-9B5A-149875566094}.Release|Any CPU.ActiveCfg = Release|Any CPU
		{BC5BAE91-20CD-4E52-9B5A-149875566094}.Release|Any CPU.Build.0 = Release|Any CPU
	EndGlobalSection
	GlobalSection(SolutionProperties) = preSolution
		HideSolutionNode = FALSE
	EndGlobalSection
	GlobalSection(ExtensibilityGlobals) = postSolution
		SolutionGuid = {A7B218F9-EA06-45FD-B3FA-8E2624F4F93C}
	EndGlobalSection
EndGlobal
